// !$*UTF8*$!
{
	archiveVersion = 1;
	classes = {
	};
	objectVersion = 50;
	objects = {

/* Begin PBXBuildFile section */
		2330CA5B219C697700E95BE3 /* AppDelegate.swift in Sources */ = {isa = PBXBuildFile; fileRef = 2330CA5A219C697700E95BE3 /* AppDelegate.swift */; };
		2330CA5D219C697700E95BE3 /* InitialViewController.swift in Sources */ = {isa = PBXBuildFile; fileRef = 2330CA5C219C697700E95BE3 /* InitialViewController.swift */; };
		2330CA60219C697700E95BE3 /* Main.storyboard in Resources */ = {isa = PBXBuildFile; fileRef = 2330CA5E219C697700E95BE3 /* Main.storyboard */; };
		2330CA62219C697A00E95BE3 /* Assets.xcassets in Resources */ = {isa = PBXBuildFile; fileRef = 2330CA61219C697A00E95BE3 /* Assets.xcassets */; };
		2330CA65219C697A00E95BE3 /* LaunchScreen.storyboard in Resources */ = {isa = PBXBuildFile; fileRef = 2330CA63219C697A00E95BE3 /* LaunchScreen.storyboard */; };
		2330CA70219C697A00E95BE3 /* RecipeTests.swift in Sources */ = {isa = PBXBuildFile; fileRef = 2330CA6F219C697A00E95BE3 /* RecipeTests.swift */; };
		2330CA7B219C697A00E95BE3 /* RecipeUITests.swift in Sources */ = {isa = PBXBuildFile; fileRef = 2330CA7A219C697A00E95BE3 /* RecipeUITests.swift */; };
		239CCA902218A5FA00BF7941 /* Recipe.swift in Sources */ = {isa = PBXBuildFile; fileRef = 239CCA8F2218A5FA00BF7941 /* Recipe.swift */; };
		23F70A0221DE919000DDF026 /* GoogleService-Info.plist in Resources */ = {isa = PBXBuildFile; fileRef = 23F70A0121DE919000DDF026 /* GoogleService-Info.plist */; };
		2F05250621FF97C10043BD50 /* favourite.png in Resources */ = {isa = PBXBuildFile; fileRef = 2F05250321FF97BD0043BD50 /* favourite.png */; };
		2F05250721FF97C10043BD50 /* favourite@3x.png in Resources */ = {isa = PBXBuildFile; fileRef = 2F05250421FF97C00043BD50 /* favourite@3x.png */; };
		2F05250821FF97C10043BD50 /* favourite@2x.png in Resources */ = {isa = PBXBuildFile; fileRef = 2F05250521FF97C10043BD50 /* favourite@2x.png */; };
		2F08EFFD22146686005BE271 /* FullRecipeViewController.swift in Sources */ = {isa = PBXBuildFile; fileRef = 2F08EFFC22146686005BE271 /* FullRecipeViewController.swift */; };
		2F0BCFA221FF71450001AFC7 /* info@2x.png in Resources */ = {isa = PBXBuildFile; fileRef = 2F0BCF9F21FF71420001AFC7 /* info@2x.png */; };
		2F0BCFA321FF71450001AFC7 /* info.png in Resources */ = {isa = PBXBuildFile; fileRef = 2F0BCFA021FF71440001AFC7 /* info.png */; };
		2F0BCFA421FF71450001AFC7 /* info@3x.png in Resources */ = {isa = PBXBuildFile; fileRef = 2F0BCFA121FF71440001AFC7 /* info@3x.png */; };
		2F0BCFA821FF71700001AFC7 /* list.png in Resources */ = {isa = PBXBuildFile; fileRef = 2F0BCFA521FF716F0001AFC7 /* list.png */; };
		2F0BCFA921FF71700001AFC7 /* list@2x.png in Resources */ = {isa = PBXBuildFile; fileRef = 2F0BCFA621FF716F0001AFC7 /* list@2x.png */; };
		2F0BCFAA21FF71700001AFC7 /* list@3x.png in Resources */ = {isa = PBXBuildFile; fileRef = 2F0BCFA721FF71700001AFC7 /* list@3x.png */; };
		2F0BCFAE21FF728A0001AFC7 /* create@3x.png in Resources */ = {isa = PBXBuildFile; fileRef = 2F0BCFAB21FF72890001AFC7 /* create@3x.png */; };
		2F0BCFAF21FF728A0001AFC7 /* create@2x.png in Resources */ = {isa = PBXBuildFile; fileRef = 2F0BCFAC21FF72890001AFC7 /* create@2x.png */; };
		2F0BCFB021FF728A0001AFC7 /* create.png in Resources */ = {isa = PBXBuildFile; fileRef = 2F0BCFAD21FF728A0001AFC7 /* create.png */; };
		2F0BCFB421FF78900001AFC7 /* recipe.png in Resources */ = {isa = PBXBuildFile; fileRef = 2F0BCFB121FF788E0001AFC7 /* recipe.png */; };
		2F0BCFB521FF78900001AFC7 /* recipe@2x.png in Resources */ = {isa = PBXBuildFile; fileRef = 2F0BCFB221FF788F0001AFC7 /* recipe@2x.png */; };
		2F0BCFB621FF78900001AFC7 /* recipe@3x.png in Resources */ = {isa = PBXBuildFile; fileRef = 2F0BCFB321FF788F0001AFC7 /* recipe@3x.png */; };
		2F15EDAF22139691007020E0 /* test3.png in Resources */ = {isa = PBXBuildFile; fileRef = 2F15EDAB2213968F007020E0 /* test3.png */; };
		2F15EDB022139691007020E0 /* test4.jpg in Resources */ = {isa = PBXBuildFile; fileRef = 2F15EDAC2213968F007020E0 /* test4.jpg */; };
		2F15EDB122139691007020E0 /* test5.jpg in Resources */ = {isa = PBXBuildFile; fileRef = 2F15EDAD2213968F007020E0 /* test5.jpg */; };
		2F15EDB222139691007020E0 /* test2.jpg in Resources */ = {isa = PBXBuildFile; fileRef = 2F15EDAE22139690007020E0 /* test2.jpg */; };
		2F1689CA2213222C00DCDFCE /* SwipeCardView.xib in Resources */ = {isa = PBXBuildFile; fileRef = 2F1689C92213222C00DCDFCE /* SwipeCardView.xib */; };
		2F1689CC221325B100DCDFCE /* SwipeCardView.swift in Sources */ = {isa = PBXBuildFile; fileRef = 2F1689CB221325B100DCDFCE /* SwipeCardView.swift */; };
		2F1689CF221347C500DCDFCE /* test.jpg in Resources */ = {isa = PBXBuildFile; fileRef = 2F1689CE221347C400DCDFCE /* test.jpg */; };
		2F1689D12213547C00DCDFCE /* clock.png in Resources */ = {isa = PBXBuildFile; fileRef = 2F1689D02213547C00DCDFCE /* clock.png */; };
		2F1689D7221356E600DCDFCE /* pot.png in Resources */ = {isa = PBXBuildFile; fileRef = 2F1689D6221356E600DCDFCE /* pot.png */; };
		60D2A58B9A40625A8EC19649 /* Pods_Recipe.framework in Frameworks */ = {isa = PBXBuildFile; fileRef = 1224070E000FF020D0ED5C56 /* Pods_Recipe.framework */; };
		A00B470021FFBAC800381BE7 /* ExploreController.swift in Sources */ = {isa = PBXBuildFile; fileRef = A00B46FF21FFBAC700381BE7 /* ExploreController.swift */; };
		A00B470221FFBB0400381BE7 /* FavouritesController.swift in Sources */ = {isa = PBXBuildFile; fileRef = A00B470121FFBB0400381BE7 /* FavouritesController.swift */; };
		A00B470421FFBB3600381BE7 /* ShoppingListController.swift in Sources */ = {isa = PBXBuildFile; fileRef = A00B470321FFBB3600381BE7 /* ShoppingListController.swift */; };
		A00B470621FFBB6D00381BE7 /* CreateRecipeController.swift in Sources */ = {isa = PBXBuildFile; fileRef = A00B470521FFBB6D00381BE7 /* CreateRecipeController.swift */; };
		A00B470821FFBB8500381BE7 /* MoreInfoController.swift in Sources */ = {isa = PBXBuildFile; fileRef = A00B470721FFBB8500381BE7 /* MoreInfoController.swift */; };
		A00B471021FFBE3B00381BE7 /* AboutPage.storyboard in Resources */ = {isa = PBXBuildFile; fileRef = A00B470F21FFBE3B00381BE7 /* AboutPage.storyboard */; };
		A00B471221FFBE6300381BE7 /* CreateRecipe.storyboard in Resources */ = {isa = PBXBuildFile; fileRef = A00B471121FFBE6300381BE7 /* CreateRecipe.storyboard */; };
		A00B471421FFBE7100381BE7 /* ShoppingList.storyboard in Resources */ = {isa = PBXBuildFile; fileRef = A00B471321FFBE7100381BE7 /* ShoppingList.storyboard */; };
		A00B471621FFBE8400381BE7 /* Favourites.storyboard in Resources */ = {isa = PBXBuildFile; fileRef = A00B471521FFBE8400381BE7 /* Favourites.storyboard */; };
		A00B471821FFBE9600381BE7 /* Explore.storyboard in Resources */ = {isa = PBXBuildFile; fileRef = A00B471721FFBE9600381BE7 /* Explore.storyboard */; };
		A056E27021FFC8BB0021A7DE /* TabBarController.swift in Sources */ = {isa = PBXBuildFile; fileRef = A056E26F21FFC8BB0021A7DE /* TabBarController.swift */; };
		A08EDFAF2218456F00D3ED3B /* PopUpDialogController.swift in Sources */ = {isa = PBXBuildFile; fileRef = A0FBF9FD22120D8A0068DDD6 /* PopUpDialogController.swift */; };
		A08EDFB2221882DA00D3ED3B /* RecipeOverviewController.storyboard in Resources */ = {isa = PBXBuildFile; fileRef = A08EDFB1221882DA00D3ED3B /* RecipeOverviewController.storyboard */; };
		A08EDFB4221882F300D3ED3B /* RecipeOverview.swift in Sources */ = {isa = PBXBuildFile; fileRef = A08EDFB3221882F300D3ED3B /* RecipeOverview.swift */; };
		A08EDFB82219ED1800D3ED3B /* DatabaseAccessor.swift in Sources */ = {isa = PBXBuildFile; fileRef = A08EDFB72219ED1800D3ED3B /* DatabaseAccessor.swift */; };
		A0D26B8A2200DB89008F3B33 /* utils.swift in Sources */ = {isa = PBXBuildFile; fileRef = A0D26B892200DB89008F3B33 /* utils.swift */; };
/* End PBXBuildFile section */

/* Begin PBXContainerItemProxy section */
		2330CA6C219C697A00E95BE3 /* PBXContainerItemProxy */ = {
			isa = PBXContainerItemProxy;
			containerPortal = 2330CA4F219C697600E95BE3 /* Project object */;
			proxyType = 1;
			remoteGlobalIDString = 2330CA56219C697600E95BE3;
			remoteInfo = Recipe;
		};
		2330CA77219C697A00E95BE3 /* PBXContainerItemProxy */ = {
			isa = PBXContainerItemProxy;
			containerPortal = 2330CA4F219C697600E95BE3 /* Project object */;
			proxyType = 1;
			remoteGlobalIDString = 2330CA56219C697600E95BE3;
			remoteInfo = Recipe;
		};
/* End PBXContainerItemProxy section */

/* Begin PBXFileReference section */
		1224070E000FF020D0ED5C56 /* Pods_Recipe.framework */ = {isa = PBXFileReference; explicitFileType = wrapper.framework; includeInIndex = 0; path = Pods_Recipe.framework; sourceTree = BUILT_PRODUCTS_DIR; };
		2330CA57219C697600E95BE3 /* Recipe.app */ = {isa = PBXFileReference; explicitFileType = wrapper.application; includeInIndex = 0; path = Recipe.app; sourceTree = BUILT_PRODUCTS_DIR; };
		2330CA5A219C697700E95BE3 /* AppDelegate.swift */ = {isa = PBXFileReference; lastKnownFileType = sourcecode.swift; path = AppDelegate.swift; sourceTree = "<group>"; };
		2330CA5C219C697700E95BE3 /* InitialViewController.swift */ = {isa = PBXFileReference; lastKnownFileType = sourcecode.swift; path = InitialViewController.swift; sourceTree = "<group>"; };
		2330CA5F219C697700E95BE3 /* Base */ = {isa = PBXFileReference; lastKnownFileType = file.storyboard; name = Base; path = Base.lproj/Main.storyboard; sourceTree = "<group>"; };
		2330CA61219C697A00E95BE3 /* Assets.xcassets */ = {isa = PBXFileReference; lastKnownFileType = folder.assetcatalog; path = Assets.xcassets; sourceTree = "<group>"; };
		2330CA64219C697A00E95BE3 /* Base */ = {isa = PBXFileReference; lastKnownFileType = file.storyboard; name = Base; path = Base.lproj/LaunchScreen.storyboard; sourceTree = "<group>"; };
		2330CA66219C697A00E95BE3 /* Info.plist */ = {isa = PBXFileReference; lastKnownFileType = text.plist.xml; path = Info.plist; sourceTree = "<group>"; };
		2330CA6B219C697A00E95BE3 /* RecipeTests.xctest */ = {isa = PBXFileReference; explicitFileType = wrapper.cfbundle; includeInIndex = 0; path = RecipeTests.xctest; sourceTree = BUILT_PRODUCTS_DIR; };
		2330CA6F219C697A00E95BE3 /* RecipeTests.swift */ = {isa = PBXFileReference; lastKnownFileType = sourcecode.swift; path = RecipeTests.swift; sourceTree = "<group>"; };
		2330CA71219C697A00E95BE3 /* Info.plist */ = {isa = PBXFileReference; lastKnownFileType = text.plist.xml; path = Info.plist; sourceTree = "<group>"; };
		2330CA76219C697A00E95BE3 /* RecipeUITests.xctest */ = {isa = PBXFileReference; explicitFileType = wrapper.cfbundle; includeInIndex = 0; path = RecipeUITests.xctest; sourceTree = BUILT_PRODUCTS_DIR; };
		2330CA7A219C697A00E95BE3 /* RecipeUITests.swift */ = {isa = PBXFileReference; lastKnownFileType = sourcecode.swift; path = RecipeUITests.swift; sourceTree = "<group>"; };
		2330CA7C219C697A00E95BE3 /* Info.plist */ = {isa = PBXFileReference; lastKnownFileType = text.plist.xml; path = Info.plist; sourceTree = "<group>"; };
		239CCA8F2218A5FA00BF7941 /* Recipe.swift */ = {isa = PBXFileReference; fileEncoding = 4; lastKnownFileType = sourcecode.swift; path = Recipe.swift; sourceTree = "<group>"; };
		23F70A0121DE919000DDF026 /* GoogleService-Info.plist */ = {isa = PBXFileReference; fileEncoding = 4; lastKnownFileType = text.plist.xml; path = "GoogleService-Info.plist"; sourceTree = "<group>"; };
		2F05250321FF97BD0043BD50 /* favourite.png */ = {isa = PBXFileReference; lastKnownFileType = image.png; path = favourite.png; sourceTree = "<group>"; };
		2F05250421FF97C00043BD50 /* favourite@3x.png */ = {isa = PBXFileReference; lastKnownFileType = image.png; path = "favourite@3x.png"; sourceTree = "<group>"; };
		2F05250521FF97C10043BD50 /* favourite@2x.png */ = {isa = PBXFileReference; lastKnownFileType = image.png; path = "favourite@2x.png"; sourceTree = "<group>"; };
		2F08EFFC22146686005BE271 /* FullRecipeViewController.swift */ = {isa = PBXFileReference; lastKnownFileType = sourcecode.swift; path = FullRecipeViewController.swift; sourceTree = "<group>"; };
		2F0BCF9F21FF71420001AFC7 /* info@2x.png */ = {isa = PBXFileReference; lastKnownFileType = image.png; path = "info@2x.png"; sourceTree = "<group>"; };
		2F0BCFA021FF71440001AFC7 /* info.png */ = {isa = PBXFileReference; lastKnownFileType = image.png; path = info.png; sourceTree = "<group>"; };
		2F0BCFA121FF71440001AFC7 /* info@3x.png */ = {isa = PBXFileReference; lastKnownFileType = image.png; path = "info@3x.png"; sourceTree = "<group>"; };
		2F0BCFA521FF716F0001AFC7 /* list.png */ = {isa = PBXFileReference; lastKnownFileType = image.png; path = list.png; sourceTree = "<group>"; };
		2F0BCFA621FF716F0001AFC7 /* list@2x.png */ = {isa = PBXFileReference; lastKnownFileType = image.png; path = "list@2x.png"; sourceTree = "<group>"; };
		2F0BCFA721FF71700001AFC7 /* list@3x.png */ = {isa = PBXFileReference; lastKnownFileType = image.png; path = "list@3x.png"; sourceTree = "<group>"; };
		2F0BCFAB21FF72890001AFC7 /* create@3x.png */ = {isa = PBXFileReference; lastKnownFileType = image.png; path = "create@3x.png"; sourceTree = "<group>"; };
		2F0BCFAC21FF72890001AFC7 /* create@2x.png */ = {isa = PBXFileReference; lastKnownFileType = image.png; path = "create@2x.png"; sourceTree = "<group>"; };
		2F0BCFAD21FF728A0001AFC7 /* create.png */ = {isa = PBXFileReference; lastKnownFileType = image.png; path = create.png; sourceTree = "<group>"; };
		2F0BCFB121FF788E0001AFC7 /* recipe.png */ = {isa = PBXFileReference; lastKnownFileType = image.png; path = recipe.png; sourceTree = "<group>"; };
		2F0BCFB221FF788F0001AFC7 /* recipe@2x.png */ = {isa = PBXFileReference; lastKnownFileType = image.png; path = "recipe@2x.png"; sourceTree = "<group>"; };
		2F0BCFB321FF788F0001AFC7 /* recipe@3x.png */ = {isa = PBXFileReference; lastKnownFileType = image.png; path = "recipe@3x.png"; sourceTree = "<group>"; };
		2F15EDAB2213968F007020E0 /* test3.png */ = {isa = PBXFileReference; lastKnownFileType = image.png; path = test3.png; sourceTree = "<group>"; };
		2F15EDAC2213968F007020E0 /* test4.jpg */ = {isa = PBXFileReference; lastKnownFileType = image.jpeg; path = test4.jpg; sourceTree = "<group>"; };
		2F15EDAD2213968F007020E0 /* test5.jpg */ = {isa = PBXFileReference; lastKnownFileType = image.jpeg; path = test5.jpg; sourceTree = "<group>"; };
		2F15EDAE22139690007020E0 /* test2.jpg */ = {isa = PBXFileReference; lastKnownFileType = image.jpeg; path = test2.jpg; sourceTree = "<group>"; };
		2F1689C92213222C00DCDFCE /* SwipeCardView.xib */ = {isa = PBXFileReference; lastKnownFileType = file.xib; path = SwipeCardView.xib; sourceTree = "<group>"; };
		2F1689CB221325B100DCDFCE /* SwipeCardView.swift */ = {isa = PBXFileReference; lastKnownFileType = sourcecode.swift; path = SwipeCardView.swift; sourceTree = "<group>"; };
		2F1689CE221347C400DCDFCE /* test.jpg */ = {isa = PBXFileReference; lastKnownFileType = image.jpeg; path = test.jpg; sourceTree = "<group>"; };
		2F1689D02213547C00DCDFCE /* clock.png */ = {isa = PBXFileReference; lastKnownFileType = image.png; path = clock.png; sourceTree = "<group>"; };
		2F1689D6221356E600DCDFCE /* pot.png */ = {isa = PBXFileReference; lastKnownFileType = image.png; path = pot.png; sourceTree = "<group>"; };
		6A7A0CC0F038DF56FC235EA9 /* Pods-Recipe.debug.xcconfig */ = {isa = PBXFileReference; includeInIndex = 1; lastKnownFileType = text.xcconfig; name = "Pods-Recipe.debug.xcconfig"; path = "Pods/Target Support Files/Pods-Recipe/Pods-Recipe.debug.xcconfig"; sourceTree = "<group>"; };
		7EDF995F694653170552A7D6 /* Pods-Recipe.release.xcconfig */ = {isa = PBXFileReference; includeInIndex = 1; lastKnownFileType = text.xcconfig; name = "Pods-Recipe.release.xcconfig"; path = "Pods/Target Support Files/Pods-Recipe/Pods-Recipe.release.xcconfig"; sourceTree = "<group>"; };
		A00B46FF21FFBAC700381BE7 /* ExploreController.swift */ = {isa = PBXFileReference; lastKnownFileType = sourcecode.swift; path = ExploreController.swift; sourceTree = "<group>"; };
		A00B470121FFBB0400381BE7 /* FavouritesController.swift */ = {isa = PBXFileReference; lastKnownFileType = sourcecode.swift; path = FavouritesController.swift; sourceTree = "<group>"; };
		A00B470321FFBB3600381BE7 /* ShoppingListController.swift */ = {isa = PBXFileReference; lastKnownFileType = sourcecode.swift; path = ShoppingListController.swift; sourceTree = "<group>"; };
		A00B470521FFBB6D00381BE7 /* CreateRecipeController.swift */ = {isa = PBXFileReference; lastKnownFileType = sourcecode.swift; path = CreateRecipeController.swift; sourceTree = "<group>"; };
		A00B470721FFBB8500381BE7 /* MoreInfoController.swift */ = {isa = PBXFileReference; lastKnownFileType = sourcecode.swift; path = MoreInfoController.swift; sourceTree = "<group>"; };
		A00B470F21FFBE3B00381BE7 /* AboutPage.storyboard */ = {isa = PBXFileReference; lastKnownFileType = file.storyboard; path = AboutPage.storyboard; sourceTree = "<group>"; };
		A00B471121FFBE6300381BE7 /* CreateRecipe.storyboard */ = {isa = PBXFileReference; lastKnownFileType = file.storyboard; path = CreateRecipe.storyboard; sourceTree = "<group>"; };
		A00B471321FFBE7100381BE7 /* ShoppingList.storyboard */ = {isa = PBXFileReference; lastKnownFileType = file.storyboard; path = ShoppingList.storyboard; sourceTree = "<group>"; };
		A00B471521FFBE8400381BE7 /* Favourites.storyboard */ = {isa = PBXFileReference; lastKnownFileType = file.storyboard; path = Favourites.storyboard; sourceTree = "<group>"; };
		A00B471721FFBE9600381BE7 /* Explore.storyboard */ = {isa = PBXFileReference; lastKnownFileType = file.storyboard; path = Explore.storyboard; sourceTree = "<group>"; };
		A056E26F21FFC8BB0021A7DE /* TabBarController.swift */ = {isa = PBXFileReference; lastKnownFileType = sourcecode.swift; path = TabBarController.swift; sourceTree = "<group>"; };
		A08EDFB1221882DA00D3ED3B /* RecipeOverviewController.storyboard */ = {isa = PBXFileReference; lastKnownFileType = file.storyboard; path = RecipeOverviewController.storyboard; sourceTree = "<group>"; };
		A08EDFB3221882F300D3ED3B /* RecipeOverview.swift */ = {isa = PBXFileReference; lastKnownFileType = sourcecode.swift; path = RecipeOverview.swift; sourceTree = "<group>"; };
		A08EDFB72219ED1800D3ED3B /* DatabaseAccessor.swift */ = {isa = PBXFileReference; lastKnownFileType = sourcecode.swift; path = DatabaseAccessor.swift; sourceTree = "<group>"; };
		A0D26B892200DB89008F3B33 /* utils.swift */ = {isa = PBXFileReference; lastKnownFileType = sourcecode.swift; path = utils.swift; sourceTree = "<group>"; };
		A0FBF9FD22120D8A0068DDD6 /* PopUpDialogController.swift */ = {isa = PBXFileReference; lastKnownFileType = sourcecode.swift; path = PopUpDialogController.swift; sourceTree = "<group>"; };
/* End PBXFileReference section */

/* Begin PBXFrameworksBuildPhase section */
		2330CA54219C697600E95BE3 /* Frameworks */ = {
			isa = PBXFrameworksBuildPhase;
			buildActionMask = 2147483647;
			files = (
				60D2A58B9A40625A8EC19649 /* Pods_Recipe.framework in Frameworks */,
			);
			runOnlyForDeploymentPostprocessing = 0;
		};
		2330CA68219C697A00E95BE3 /* Frameworks */ = {
			isa = PBXFrameworksBuildPhase;
			buildActionMask = 2147483647;
			files = (
			);
			runOnlyForDeploymentPostprocessing = 0;
		};
		2330CA73219C697A00E95BE3 /* Frameworks */ = {
			isa = PBXFrameworksBuildPhase;
			buildActionMask = 2147483647;
			files = (
			);
			runOnlyForDeploymentPostprocessing = 0;
		};
/* End PBXFrameworksBuildPhase section */

/* Begin PBXGroup section */
		2330CA4E219C697600E95BE3 = {
			isa = PBXGroup;
			children = (
				2F0BCF9221FF6E670001AFC7 /* Icons */,
				2330CA59219C697600E95BE3 /* Recipe */,
				2330CA6E219C697A00E95BE3 /* RecipeTests */,
				2330CA79219C697A00E95BE3 /* RecipeUITests */,
				2330CA58219C697600E95BE3 /* Products */,
				96FA0428A59AABF5D9D8D901 /* Pods */,
				DDF7BC8BE79B4E999B89DFF9 /* Frameworks */,
			);
			sourceTree = "<group>";
		};
		2330CA58219C697600E95BE3 /* Products */ = {
			isa = PBXGroup;
			children = (
				2330CA57219C697600E95BE3 /* Recipe.app */,
				2330CA6B219C697A00E95BE3 /* RecipeTests.xctest */,
				2330CA76219C697A00E95BE3 /* RecipeUITests.xctest */,
			);
			name = Products;
			sourceTree = "<group>";
		};
		2330CA59219C697600E95BE3 /* Recipe */ = {
			isa = PBXGroup;
			children = (
				A08EDFB9221A813F00D3ED3B /* Models */,
				A00B470E21FFBCB500381BE7 /* features */,
				2330CA5A219C697700E95BE3 /* AppDelegate.swift */,
				23F70A0121DE919000DDF026 /* GoogleService-Info.plist */,
				2330CA5C219C697700E95BE3 /* InitialViewController.swift */,
				2330CA5E219C697700E95BE3 /* Main.storyboard */,
				2330CA61219C697A00E95BE3 /* Assets.xcassets */,
				239CCA8F2218A5FA00BF7941 /* Recipe.swift */,
				2330CA63219C697A00E95BE3 /* LaunchScreen.storyboard */,
				2330CA66219C697A00E95BE3 /* Info.plist */,
				A056E26F21FFC8BB0021A7DE /* TabBarController.swift */,
				A0D26B892200DB89008F3B33 /* utils.swift */,
				A08EDFB72219ED1800D3ED3B /* DatabaseAccessor.swift */,
			);
			path = Recipe;
			sourceTree = "<group>";
		};
		2330CA6E219C697A00E95BE3 /* RecipeTests */ = {
			isa = PBXGroup;
			children = (
				2330CA6F219C697A00E95BE3 /* RecipeTests.swift */,
				2330CA71219C697A00E95BE3 /* Info.plist */,
			);
			path = RecipeTests;
			sourceTree = "<group>";
		};
		2330CA79219C697A00E95BE3 /* RecipeUITests */ = {
			isa = PBXGroup;
			children = (
				2330CA7A219C697A00E95BE3 /* RecipeUITests.swift */,
				2330CA7C219C697A00E95BE3 /* Info.plist */,
			);
			path = RecipeUITests;
			sourceTree = "<group>";
		};
		2F0BCF9221FF6E670001AFC7 /* Icons */ = {
			isa = PBXGroup;
			children = (
				2F1689CD2213474200DCDFCE /* TestData */,
				2F0BCFA021FF71440001AFC7 /* info.png */,
				2F0BCF9F21FF71420001AFC7 /* info@2x.png */,
				2F0BCFA121FF71440001AFC7 /* info@3x.png */,
				2F0BCFA521FF716F0001AFC7 /* list.png */,
				2F0BCFA621FF716F0001AFC7 /* list@2x.png */,
				2F0BCFA721FF71700001AFC7 /* list@3x.png */,
				2F0BCFAD21FF728A0001AFC7 /* create.png */,
				2F0BCFAC21FF72890001AFC7 /* create@2x.png */,
				2F0BCFAB21FF72890001AFC7 /* create@3x.png */,
				2F0BCFB121FF788E0001AFC7 /* recipe.png */,
				2F0BCFB221FF788F0001AFC7 /* recipe@2x.png */,
				2F0BCFB321FF788F0001AFC7 /* recipe@3x.png */,
				2F05250321FF97BD0043BD50 /* favourite.png */,
				2F05250521FF97C10043BD50 /* favourite@2x.png */,
				2F05250421FF97C00043BD50 /* favourite@3x.png */,
				2F1689D6221356E600DCDFCE /* pot.png */,
				2F1689D02213547C00DCDFCE /* clock.png */,
			);
			path = Icons;
			sourceTree = "<group>";
		};
		2F1689CD2213474200DCDFCE /* TestData */ = {
			isa = PBXGroup;
			children = (
				2F1689CE221347C400DCDFCE /* test.jpg */,
				2F15EDAE22139690007020E0 /* test2.jpg */,
				2F15EDAB2213968F007020E0 /* test3.png */,
				2F15EDAC2213968F007020E0 /* test4.jpg */,
				2F15EDAD2213968F007020E0 /* test5.jpg */,
			);
			path = TestData;
			sourceTree = "<group>";
		};
		96FA0428A59AABF5D9D8D901 /* Pods */ = {
			isa = PBXGroup;
			children = (
				6A7A0CC0F038DF56FC235EA9 /* Pods-Recipe.debug.xcconfig */,
				7EDF995F694653170552A7D6 /* Pods-Recipe.release.xcconfig */,
			);
			name = Pods;
			sourceTree = "<group>";
		};
		A00B470921FFBC1500381BE7 /* Explore */ = {
			isa = PBXGroup;
			children = (
				A00B46FF21FFBAC700381BE7 /* ExploreController.swift */,
				A00B471721FFBE9600381BE7 /* Explore.storyboard */,
				2F1689C92213222C00DCDFCE /* SwipeCardView.xib */,
				2F1689CB221325B100DCDFCE /* SwipeCardView.swift */,
				2F08EFFC22146686005BE271 /* FullRecipeViewController.swift */,
			);
			path = Explore;
			sourceTree = "<group>";
		};
		A00B470A21FFBC1E00381BE7 /* Favourites */ = {
			isa = PBXGroup;
			children = (
				A00B470121FFBB0400381BE7 /* FavouritesController.swift */,
				A00B471521FFBE8400381BE7 /* Favourites.storyboard */,
			);
			path = Favourites;
			sourceTree = "<group>";
		};
		A00B470B21FFBC3000381BE7 /* ShoppingList */ = {
			isa = PBXGroup;
			children = (
				A00B470321FFBB3600381BE7 /* ShoppingListController.swift */,
				A00B471321FFBE7100381BE7 /* ShoppingList.storyboard */,
				A0FBF9FD22120D8A0068DDD6 /* PopUpDialogController.swift */,
			);
			path = ShoppingList;
			sourceTree = "<group>";
		};
		A00B470C21FFBC4D00381BE7 /* CreateRecipe */ = {
			isa = PBXGroup;
			children = (
				A00B470521FFBB6D00381BE7 /* CreateRecipeController.swift */,
				A00B471121FFBE6300381BE7 /* CreateRecipe.storyboard */,
			);
			path = CreateRecipe;
			sourceTree = "<group>";
		};
		A00B470D21FFBC5E00381BE7 /* AboutPage */ = {
			isa = PBXGroup;
			children = (
				A00B470721FFBB8500381BE7 /* MoreInfoController.swift */,
				A00B470F21FFBE3B00381BE7 /* AboutPage.storyboard */,
			);
			path = AboutPage;
			sourceTree = "<group>";
		};
		A00B470E21FFBCB500381BE7 /* features */ = {
			isa = PBXGroup;
			children = (
				A08EDFB02218829500D3ED3B /* RecipeOverview */,
				A00B470D21FFBC5E00381BE7 /* AboutPage */,
				A00B470C21FFBC4D00381BE7 /* CreateRecipe */,
				A00B470B21FFBC3000381BE7 /* ShoppingList */,
				A00B470A21FFBC1E00381BE7 /* Favourites */,
				A00B470921FFBC1500381BE7 /* Explore */,
			);
			path = features;
			sourceTree = "<group>";
		};
		A08EDFB02218829500D3ED3B /* RecipeOverview */ = {
			isa = PBXGroup;
			children = (
				A08EDFB1221882DA00D3ED3B /* RecipeOverviewController.storyboard */,
				A08EDFB3221882F300D3ED3B /* RecipeOverview.swift */,
			);
			path = RecipeOverview;
			sourceTree = "<group>";
		};
		A08EDFB9221A813F00D3ED3B /* Models */ = {
			isa = PBXGroup;
			children = (
			);
			path = Models;
			sourceTree = "<group>";
		};
		DDF7BC8BE79B4E999B89DFF9 /* Frameworks */ = {
			isa = PBXGroup;
			children = (
				1224070E000FF020D0ED5C56 /* Pods_Recipe.framework */,
			);
			name = Frameworks;
			sourceTree = "<group>";
		};
/* End PBXGroup section */

/* Begin PBXNativeTarget section */
		2330CA56219C697600E95BE3 /* Recipe */ = {
			isa = PBXNativeTarget;
			buildConfigurationList = 2330CA7F219C697A00E95BE3 /* Build configuration list for PBXNativeTarget "Recipe" */;
			buildPhases = (
				307E4AAAC6EE71B2515F2B6F /* [CP] Check Pods Manifest.lock */,
				2330CA53219C697600E95BE3 /* Sources */,
				2330CA54219C697600E95BE3 /* Frameworks */,
				2330CA55219C697600E95BE3 /* Resources */,
				825030D1F05D3493A5DF01CA /* [CP] Embed Pods Frameworks */,
			);
			buildRules = (
			);
			dependencies = (
			);
			name = Recipe;
			productName = Recipe;
			productReference = 2330CA57219C697600E95BE3 /* Recipe.app */;
			productType = "com.apple.product-type.application";
		};
		2330CA6A219C697A00E95BE3 /* RecipeTests */ = {
			isa = PBXNativeTarget;
			buildConfigurationList = 2330CA82219C697A00E95BE3 /* Build configuration list for PBXNativeTarget "RecipeTests" */;
			buildPhases = (
				2330CA67219C697A00E95BE3 /* Sources */,
				2330CA68219C697A00E95BE3 /* Frameworks */,
				2330CA69219C697A00E95BE3 /* Resources */,
			);
			buildRules = (
			);
			dependencies = (
				2330CA6D219C697A00E95BE3 /* PBXTargetDependency */,
			);
			name = RecipeTests;
			productName = RecipeTests;
			productReference = 2330CA6B219C697A00E95BE3 /* RecipeTests.xctest */;
			productType = "com.apple.product-type.bundle.unit-test";
		};
		2330CA75219C697A00E95BE3 /* RecipeUITests */ = {
			isa = PBXNativeTarget;
			buildConfigurationList = 2330CA85219C697A00E95BE3 /* Build configuration list for PBXNativeTarget "RecipeUITests" */;
			buildPhases = (
				2330CA72219C697A00E95BE3 /* Sources */,
				2330CA73219C697A00E95BE3 /* Frameworks */,
				2330CA74219C697A00E95BE3 /* Resources */,
			);
			buildRules = (
			);
			dependencies = (
				2330CA78219C697A00E95BE3 /* PBXTargetDependency */,
			);
			name = RecipeUITests;
			productName = RecipeUITests;
			productReference = 2330CA76219C697A00E95BE3 /* RecipeUITests.xctest */;
			productType = "com.apple.product-type.bundle.ui-testing";
		};
/* End PBXNativeTarget section */

/* Begin PBXProject section */
		2330CA4F219C697600E95BE3 /* Project object */ = {
			isa = PBXProject;
			attributes = {
				LastSwiftUpdateCheck = 1010;
				LastUpgradeCheck = 1010;
				ORGANIZATIONNAME = "Mihail Kirilov";
				TargetAttributes = {
					2330CA56219C697600E95BE3 = {
						CreatedOnToolsVersion = 10.1;
					};
					2330CA6A219C697A00E95BE3 = {
						CreatedOnToolsVersion = 10.1;
						TestTargetID = 2330CA56219C697600E95BE3;
					};
					2330CA75219C697A00E95BE3 = {
						CreatedOnToolsVersion = 10.1;
						TestTargetID = 2330CA56219C697600E95BE3;
					};
				};
			};
			buildConfigurationList = 2330CA52219C697600E95BE3 /* Build configuration list for PBXProject "Recipe" */;
			compatibilityVersion = "Xcode 9.3";
			developmentRegion = en;
			hasScannedForEncodings = 0;
			knownRegions = (
				en,
				Base,
			);
			mainGroup = 2330CA4E219C697600E95BE3;
			productRefGroup = 2330CA58219C697600E95BE3 /* Products */;
			projectDirPath = "";
			projectRoot = "";
			targets = (
				2330CA56219C697600E95BE3 /* Recipe */,
				2330CA6A219C697A00E95BE3 /* RecipeTests */,
				2330CA75219C697A00E95BE3 /* RecipeUITests */,
			);
		};
/* End PBXProject section */

/* Begin PBXResourcesBuildPhase section */
		2330CA55219C697600E95BE3 /* Resources */ = {
			isa = PBXResourcesBuildPhase;
			buildActionMask = 2147483647;
			files = (
				2F1689D12213547C00DCDFCE /* clock.png in Resources */,
				2F1689CA2213222C00DCDFCE /* SwipeCardView.xib in Resources */,
				2F15EDB022139691007020E0 /* test4.jpg in Resources */,
				2330CA65219C697A00E95BE3 /* LaunchScreen.storyboard in Resources */,
				2F0BCFB421FF78900001AFC7 /* recipe.png in Resources */,
				A08EDFB2221882DA00D3ED3B /* RecipeOverviewController.storyboard in Resources */,
				2F1689CF221347C500DCDFCE /* test.jpg in Resources */,
				2F0BCFB521FF78900001AFC7 /* recipe@2x.png in Resources */,
				A00B471621FFBE8400381BE7 /* Favourites.storyboard in Resources */,
				2F0BCFB621FF78900001AFC7 /* recipe@3x.png in Resources */,
				2F0BCFAE21FF728A0001AFC7 /* create@3x.png in Resources */,
				2F15EDB222139691007020E0 /* test2.jpg in Resources */,
				2F0BCFA321FF71450001AFC7 /* info.png in Resources */,
				23F70A0221DE919000DDF026 /* GoogleService-Info.plist in Resources */,
				2F15EDAF22139691007020E0 /* test3.png in Resources */,
				2F0BCFA421FF71450001AFC7 /* info@3x.png in Resources */,
				2F0BCFA921FF71700001AFC7 /* list@2x.png in Resources */,
				2F1689D7221356E600DCDFCE /* pot.png in Resources */,
				2F0BCFB021FF728A0001AFC7 /* create.png in Resources */,
				2F05250621FF97C10043BD50 /* favourite.png in Resources */,
				A00B471021FFBE3B00381BE7 /* AboutPage.storyboard in Resources */,
				A00B471421FFBE7100381BE7 /* ShoppingList.storyboard in Resources */,
				2F0BCFAF21FF728A0001AFC7 /* create@2x.png in Resources */,
				2F0BCFA221FF71450001AFC7 /* info@2x.png in Resources */,
				A00B471821FFBE9600381BE7 /* Explore.storyboard in Resources */,
				2F05250721FF97C10043BD50 /* favourite@3x.png in Resources */,
				2330CA62219C697A00E95BE3 /* Assets.xcassets in Resources */,
				2330CA60219C697700E95BE3 /* Main.storyboard in Resources */,
				2F0BCFA821FF71700001AFC7 /* list.png in Resources */,
				A00B471221FFBE6300381BE7 /* CreateRecipe.storyboard in Resources */,
				2F05250821FF97C10043BD50 /* favourite@2x.png in Resources */,
				2F0BCFAA21FF71700001AFC7 /* list@3x.png in Resources */,
				2F15EDB122139691007020E0 /* test5.jpg in Resources */,
			);
			runOnlyForDeploymentPostprocessing = 0;
		};
		2330CA69219C697A00E95BE3 /* Resources */ = {
			isa = PBXResourcesBuildPhase;
			buildActionMask = 2147483647;
			files = (
			);
			runOnlyForDeploymentPostprocessing = 0;
		};
		2330CA74219C697A00E95BE3 /* Resources */ = {
			isa = PBXResourcesBuildPhase;
			buildActionMask = 2147483647;
			files = (
			);
			runOnlyForDeploymentPostprocessing = 0;
		};
/* End PBXResourcesBuildPhase section */

/* Begin PBXShellScriptBuildPhase section */
		307E4AAAC6EE71B2515F2B6F /* [CP] Check Pods Manifest.lock */ = {
			isa = PBXShellScriptBuildPhase;
			buildActionMask = 2147483647;
			files = (
			);
			inputFileListPaths = (
			);
			inputPaths = (
				"${PODS_PODFILE_DIR_PATH}/Podfile.lock",
				"${PODS_ROOT}/Manifest.lock",
			);
			name = "[CP] Check Pods Manifest.lock";
			outputFileListPaths = (
			);
			outputPaths = (
				"$(DERIVED_FILE_DIR)/Pods-Recipe-checkManifestLockResult.txt",
			);
			runOnlyForDeploymentPostprocessing = 0;
			shellPath = /bin/sh;
			shellScript = "diff \"${PODS_PODFILE_DIR_PATH}/Podfile.lock\" \"${PODS_ROOT}/Manifest.lock\" > /dev/null\nif [ $? != 0 ] ; then\n    # print error to STDERR\n    echo \"error: The sandbox is not in sync with the Podfile.lock. Run 'pod install' or update your CocoaPods installation.\" >&2\n    exit 1\nfi\n# This output is used by Xcode 'outputs' to avoid re-running this script phase.\necho \"SUCCESS\" > \"${SCRIPT_OUTPUT_FILE_0}\"\n";
			showEnvVarsInLog = 0;
		};
		825030D1F05D3493A5DF01CA /* [CP] Embed Pods Frameworks */ = {
			isa = PBXShellScriptBuildPhase;
			buildActionMask = 2147483647;
			files = (
			);
			inputFileListPaths = (
			);
			inputPaths = (
				"${PODS_ROOT}/Target Support Files/Pods-Recipe/Pods-Recipe-frameworks.sh",
				"${BUILT_PRODUCTS_DIR}/Disk/Disk.framework",
				"${BUILT_PRODUCTS_DIR}/DynamicBlurView/DynamicBlurView.framework",
				"${BUILT_PRODUCTS_DIR}/EasyPopUp/EasyPopUp.framework",
				"${BUILT_PRODUCTS_DIR}/GTMSessionFetcher/GTMSessionFetcher.framework",
				"${BUILT_PRODUCTS_DIR}/GoogleUtilities/GoogleUtilities.framework",
				"${BUILT_PRODUCTS_DIR}/Koloda/Koloda.framework",
				"${BUILT_PRODUCTS_DIR}/PromiseKit/PromiseKit.framework",
				"${BUILT_PRODUCTS_DIR}/RAMAnimatedTabBarController/RAMAnimatedTabBarController.framework",
				"${BUILT_PRODUCTS_DIR}/SearchTextField/SearchTextField.framework",
				"${BUILT_PRODUCTS_DIR}/leveldb-library/leveldb.framework",
				"${BUILT_PRODUCTS_DIR}/nanopb/nanopb.framework",
				"${BUILT_PRODUCTS_DIR}/pop/pop.framework",
			);
			name = "[CP] Embed Pods Frameworks";
			outputFileListPaths = (
			);
			outputPaths = (
				"${TARGET_BUILD_DIR}/${FRAMEWORKS_FOLDER_PATH}/Disk.framework",
				"${TARGET_BUILD_DIR}/${FRAMEWORKS_FOLDER_PATH}/DynamicBlurView.framework",
				"${TARGET_BUILD_DIR}/${FRAMEWORKS_FOLDER_PATH}/EasyPopUp.framework",
				"${TARGET_BUILD_DIR}/${FRAMEWORKS_FOLDER_PATH}/GTMSessionFetcher.framework",
				"${TARGET_BUILD_DIR}/${FRAMEWORKS_FOLDER_PATH}/GoogleUtilities.framework",
				"${TARGET_BUILD_DIR}/${FRAMEWORKS_FOLDER_PATH}/Koloda.framework",
				"${TARGET_BUILD_DIR}/${FRAMEWORKS_FOLDER_PATH}/PromiseKit.framework",
				"${TARGET_BUILD_DIR}/${FRAMEWORKS_FOLDER_PATH}/RAMAnimatedTabBarController.framework",
				"${TARGET_BUILD_DIR}/${FRAMEWORKS_FOLDER_PATH}/SearchTextField.framework",
				"${TARGET_BUILD_DIR}/${FRAMEWORKS_FOLDER_PATH}/leveldb.framework",
				"${TARGET_BUILD_DIR}/${FRAMEWORKS_FOLDER_PATH}/nanopb.framework",
				"${TARGET_BUILD_DIR}/${FRAMEWORKS_FOLDER_PATH}/pop.framework",
			);
			runOnlyForDeploymentPostprocessing = 0;
			shellPath = /bin/sh;
			shellScript = "\"${PODS_ROOT}/Target Support Files/Pods-Recipe/Pods-Recipe-frameworks.sh\"\n";
			showEnvVarsInLog = 0;
		};
/* End PBXShellScriptBuildPhase section */

/* Begin PBXSourcesBuildPhase section */
		2330CA53219C697600E95BE3 /* Sources */ = {
			isa = PBXSourcesBuildPhase;
			buildActionMask = 2147483647;
			files = (
				239CCA902218A5FA00BF7941 /* Recipe.swift in Sources */,
				A0D26B8A2200DB89008F3B33 /* utils.swift in Sources */,
				2330CA5D219C697700E95BE3 /* InitialViewController.swift in Sources */,
				A056E27021FFC8BB0021A7DE /* TabBarController.swift in Sources */,
				A00B470221FFBB0400381BE7 /* FavouritesController.swift in Sources */,
				2330CA5B219C697700E95BE3 /* AppDelegate.swift in Sources */,
				A00B470621FFBB6D00381BE7 /* CreateRecipeController.swift in Sources */,
				A08EDFAF2218456F00D3ED3B /* PopUpDialogController.swift in Sources */,
				2F08EFFD22146686005BE271 /* FullRecipeViewController.swift in Sources */,
				A08EDFB4221882F300D3ED3B /* RecipeOverview.swift in Sources */,
				A00B470821FFBB8500381BE7 /* MoreInfoController.swift in Sources */,
				A00B470021FFBAC800381BE7 /* ExploreController.swift in Sources */,
				A00B470421FFBB3600381BE7 /* ShoppingListController.swift in Sources */,
				A08EDFB82219ED1800D3ED3B /* DatabaseAccessor.swift in Sources */,
				2F1689CC221325B100DCDFCE /* SwipeCardView.swift in Sources */,
			);
			runOnlyForDeploymentPostprocessing = 0;
		};
		2330CA67219C697A00E95BE3 /* Sources */ = {
			isa = PBXSourcesBuildPhase;
			buildActionMask = 2147483647;
			files = (
				2330CA70219C697A00E95BE3 /* RecipeTests.swift in Sources */,
			);
			runOnlyForDeploymentPostprocessing = 0;
		};
		2330CA72219C697A00E95BE3 /* Sources */ = {
			isa = PBXSourcesBuildPhase;
			buildActionMask = 2147483647;
			files = (
				2330CA7B219C697A00E95BE3 /* RecipeUITests.swift in Sources */,
			);
			runOnlyForDeploymentPostprocessing = 0;
		};
/* End PBXSourcesBuildPhase section */

/* Begin PBXTargetDependency section */
		2330CA6D219C697A00E95BE3 /* PBXTargetDependency */ = {
			isa = PBXTargetDependency;
			target = 2330CA56219C697600E95BE3 /* Recipe */;
			targetProxy = 2330CA6C219C697A00E95BE3 /* PBXContainerItemProxy */;
		};
		2330CA78219C697A00E95BE3 /* PBXTargetDependency */ = {
			isa = PBXTargetDependency;
			target = 2330CA56219C697600E95BE3 /* Recipe */;
			targetProxy = 2330CA77219C697A00E95BE3 /* PBXContainerItemProxy */;
		};
/* End PBXTargetDependency section */

/* Begin PBXVariantGroup section */
		2330CA5E219C697700E95BE3 /* Main.storyboard */ = {
			isa = PBXVariantGroup;
			children = (
				2330CA5F219C697700E95BE3 /* Base */,
			);
			name = Main.storyboard;
			sourceTree = "<group>";
		};
		2330CA63219C697A00E95BE3 /* LaunchScreen.storyboard */ = {
			isa = PBXVariantGroup;
			children = (
				2330CA64219C697A00E95BE3 /* Base */,
			);
			name = LaunchScreen.storyboard;
			sourceTree = "<group>";
		};
/* End PBXVariantGroup section */

/* Begin XCBuildConfiguration section */
		2330CA7D219C697A00E95BE3 /* Debug */ = {
			isa = XCBuildConfiguration;
			buildSettings = {
				ALWAYS_SEARCH_USER_PATHS = NO;
				CLANG_ANALYZER_NONNULL = YES;
				CLANG_ANALYZER_NUMBER_OBJECT_CONVERSION = YES_AGGRESSIVE;
				CLANG_CXX_LANGUAGE_STANDARD = "gnu++14";
				CLANG_CXX_LIBRARY = "libc++";
				CLANG_ENABLE_MODULES = YES;
				CLANG_ENABLE_OBJC_ARC = YES;
				CLANG_ENABLE_OBJC_WEAK = YES;
				CLANG_WARN_BLOCK_CAPTURE_AUTORELEASING = YES;
				CLANG_WARN_BOOL_CONVERSION = YES;
				CLANG_WARN_COMMA = YES;
				CLANG_WARN_CONSTANT_CONVERSION = YES;
				CLANG_WARN_DEPRECATED_OBJC_IMPLEMENTATIONS = YES;
				CLANG_WARN_DIRECT_OBJC_ISA_USAGE = YES_ERROR;
				CLANG_WARN_DOCUMENTATION_COMMENTS = YES;
				CLANG_WARN_EMPTY_BODY = YES;
				CLANG_WARN_ENUM_CONVERSION = YES;
				CLANG_WARN_INFINITE_RECURSION = YES;
				CLANG_WARN_INT_CONVERSION = YES;
				CLANG_WARN_NON_LITERAL_NULL_CONVERSION = YES;
				CLANG_WARN_OBJC_IMPLICIT_RETAIN_SELF = YES;
				CLANG_WARN_OBJC_LITERAL_CONVERSION = YES;
				CLANG_WARN_OBJC_ROOT_CLASS = YES_ERROR;
				CLANG_WARN_RANGE_LOOP_ANALYSIS = YES;
				CLANG_WARN_STRICT_PROTOTYPES = YES;
				CLANG_WARN_SUSPICIOUS_MOVE = YES;
				CLANG_WARN_UNGUARDED_AVAILABILITY = YES_AGGRESSIVE;
				CLANG_WARN_UNREACHABLE_CODE = YES;
				CLANG_WARN__DUPLICATE_METHOD_MATCH = YES;
				CODE_SIGN_IDENTITY = "iPhone Developer";
				COPY_PHASE_STRIP = NO;
				DEBUG_INFORMATION_FORMAT = dwarf;
				ENABLE_STRICT_OBJC_MSGSEND = YES;
				ENABLE_TESTABILITY = YES;
				GCC_C_LANGUAGE_STANDARD = gnu11;
				GCC_DYNAMIC_NO_PIC = NO;
				GCC_NO_COMMON_BLOCKS = YES;
				GCC_OPTIMIZATION_LEVEL = 0;
				GCC_PREPROCESSOR_DEFINITIONS = (
					"DEBUG=1",
					"$(inherited)",
				);
				GCC_WARN_64_TO_32_BIT_CONVERSION = YES;
				GCC_WARN_ABOUT_RETURN_TYPE = YES_ERROR;
				GCC_WARN_UNDECLARED_SELECTOR = YES;
				GCC_WARN_UNINITIALIZED_AUTOS = YES_AGGRESSIVE;
				GCC_WARN_UNUSED_FUNCTION = YES;
				GCC_WARN_UNUSED_VARIABLE = YES;
				IPHONEOS_DEPLOYMENT_TARGET = 12.1;
				MTL_ENABLE_DEBUG_INFO = INCLUDE_SOURCE;
				MTL_FAST_MATH = YES;
				ONLY_ACTIVE_ARCH = YES;
				SDKROOT = iphoneos;
				SWIFT_ACTIVE_COMPILATION_CONDITIONS = DEBUG;
				SWIFT_OPTIMIZATION_LEVEL = "-Onone";
			};
			name = Debug;
		};
		2330CA7E219C697A00E95BE3 /* Release */ = {
			isa = XCBuildConfiguration;
			buildSettings = {
				ALWAYS_SEARCH_USER_PATHS = NO;
				CLANG_ANALYZER_NONNULL = YES;
				CLANG_ANALYZER_NUMBER_OBJECT_CONVERSION = YES_AGGRESSIVE;
				CLANG_CXX_LANGUAGE_STANDARD = "gnu++14";
				CLANG_CXX_LIBRARY = "libc++";
				CLANG_ENABLE_MODULES = YES;
				CLANG_ENABLE_OBJC_ARC = YES;
				CLANG_ENABLE_OBJC_WEAK = YES;
				CLANG_WARN_BLOCK_CAPTURE_AUTORELEASING = YES;
				CLANG_WARN_BOOL_CONVERSION = YES;
				CLANG_WARN_COMMA = YES;
				CLANG_WARN_CONSTANT_CONVERSION = YES;
				CLANG_WARN_DEPRECATED_OBJC_IMPLEMENTATIONS = YES;
				CLANG_WARN_DIRECT_OBJC_ISA_USAGE = YES_ERROR;
				CLANG_WARN_DOCUMENTATION_COMMENTS = YES;
				CLANG_WARN_EMPTY_BODY = YES;
				CLANG_WARN_ENUM_CONVERSION = YES;
				CLANG_WARN_INFINITE_RECURSION = YES;
				CLANG_WARN_INT_CONVERSION = YES;
				CLANG_WARN_NON_LITERAL_NULL_CONVERSION = YES;
				CLANG_WARN_OBJC_IMPLICIT_RETAIN_SELF = YES;
				CLANG_WARN_OBJC_LITERAL_CONVERSION = YES;
				CLANG_WARN_OBJC_ROOT_CLASS = YES_ERROR;
				CLANG_WARN_RANGE_LOOP_ANALYSIS = YES;
				CLANG_WARN_STRICT_PROTOTYPES = YES;
				CLANG_WARN_SUSPICIOUS_MOVE = YES;
				CLANG_WARN_UNGUARDED_AVAILABILITY = YES_AGGRESSIVE;
				CLANG_WARN_UNREACHABLE_CODE = YES;
				CLANG_WARN__DUPLICATE_METHOD_MATCH = YES;
				CODE_SIGN_IDENTITY = "iPhone Developer";
				COPY_PHASE_STRIP = NO;
				DEBUG_INFORMATION_FORMAT = "dwarf-with-dsym";
				ENABLE_NS_ASSERTIONS = NO;
				ENABLE_STRICT_OBJC_MSGSEND = YES;
				GCC_C_LANGUAGE_STANDARD = gnu11;
				GCC_NO_COMMON_BLOCKS = YES;
				GCC_WARN_64_TO_32_BIT_CONVERSION = YES;
				GCC_WARN_ABOUT_RETURN_TYPE = YES_ERROR;
				GCC_WARN_UNDECLARED_SELECTOR = YES;
				GCC_WARN_UNINITIALIZED_AUTOS = YES_AGGRESSIVE;
				GCC_WARN_UNUSED_FUNCTION = YES;
				GCC_WARN_UNUSED_VARIABLE = YES;
				IPHONEOS_DEPLOYMENT_TARGET = 12.1;
				MTL_ENABLE_DEBUG_INFO = NO;
				MTL_FAST_MATH = YES;
				SDKROOT = iphoneos;
				SWIFT_COMPILATION_MODE = wholemodule;
				SWIFT_OPTIMIZATION_LEVEL = "-O";
				VALIDATE_PRODUCT = YES;
			};
			name = Release;
		};
		2330CA80219C697A00E95BE3 /* Debug */ = {
			isa = XCBuildConfiguration;
			baseConfigurationReference = 6A7A0CC0F038DF56FC235EA9 /* Pods-Recipe.debug.xcconfig */;
			buildSettings = {
				ASSETCATALOG_COMPILER_APPICON_NAME = AppIcon;
				CODE_SIGN_IDENTITY = "iPhone Developer";
				CODE_SIGN_STYLE = Automatic;
				DEVELOPMENT_TEAM = 2L24TQ8W95;
				INFOPLIST_FILE = Recipe/Info.plist;
				LD_RUNPATH_SEARCH_PATHS = (
					"$(inherited)",
					"@executable_path/Frameworks",
				);
				PRODUCT_BUNDLE_IDENTIFIER = swiftFmi.Recipe;
				PRODUCT_NAME = "$(TARGET_NAME)";
				PROVISIONING_PROFILE_SPECIFIER = "";
				SWIFT_VERSION = 4.2;
				TARGETED_DEVICE_FAMILY = "1,2";
			};
			name = Debug;
		};
		2330CA81219C697A00E95BE3 /* Release */ = {
			isa = XCBuildConfiguration;
			baseConfigurationReference = 7EDF995F694653170552A7D6 /* Pods-Recipe.release.xcconfig */;
			buildSettings = {
				ASSETCATALOG_COMPILER_APPICON_NAME = AppIcon;
				CODE_SIGN_IDENTITY = "iPhone Developer";
				CODE_SIGN_STYLE = Automatic;
				DEVELOPMENT_TEAM = 2L24TQ8W95;
				INFOPLIST_FILE = Recipe/Info.plist;
				LD_RUNPATH_SEARCH_PATHS = (
					"$(inherited)",
					"@executable_path/Frameworks",
				);
				PRODUCT_BUNDLE_IDENTIFIER = swiftFmi.Recipe;
				PRODUCT_NAME = "$(TARGET_NAME)";
				PROVISIONING_PROFILE_SPECIFIER = "";
				SWIFT_VERSION = 4.2;
				TARGETED_DEVICE_FAMILY = "1,2";
			};
			name = Release;
		};
		2330CA83219C697A00E95BE3 /* Debug */ = {
			isa = XCBuildConfiguration;
			buildSettings = {
				ALWAYS_EMBED_SWIFT_STANDARD_LIBRARIES = YES;
				BUNDLE_LOADER = "$(TEST_HOST)";
				CODE_SIGN_STYLE = Automatic;
				DEVELOPMENT_TEAM = 2L24TQ8W95;
				INFOPLIST_FILE = RecipeTests/Info.plist;
				LD_RUNPATH_SEARCH_PATHS = (
					"$(inherited)",
					"@executable_path/Frameworks",
					"@loader_path/Frameworks",
				);
				PRODUCT_BUNDLE_IDENTIFIER = swiftFmi.RecipeTests;
				PRODUCT_NAME = "$(TARGET_NAME)";
				SWIFT_VERSION = 4.2;
				TARGETED_DEVICE_FAMILY = "1,2";
				TEST_HOST = "$(BUILT_PRODUCTS_DIR)/Recipe.app/Recipe";
			};
			name = Debug;
		};
		2330CA84219C697A00E95BE3 /* Release */ = {
			isa = XCBuildConfiguration;
			buildSettings = {
				ALWAYS_EMBED_SWIFT_STANDARD_LIBRARIES = YES;
				BUNDLE_LOADER = "$(TEST_HOST)";
				CODE_SIGN_STYLE = Automatic;
				DEVELOPMENT_TEAM = 2L24TQ8W95;
				INFOPLIST_FILE = RecipeTests/Info.plist;
				LD_RUNPATH_SEARCH_PATHS = (
					"$(inherited)",
					"@executable_path/Frameworks",
					"@loader_path/Frameworks",
				);
				PRODUCT_BUNDLE_IDENTIFIER = swiftFmi.RecipeTests;
				PRODUCT_NAME = "$(TARGET_NAME)";
				SWIFT_VERSION = 4.2;
				TARGETED_DEVICE_FAMILY = "1,2";
				TEST_HOST = "$(BUILT_PRODUCTS_DIR)/Recipe.app/Recipe";
			};
			name = Release;
		};
		2330CA86219C697A00E95BE3 /* Debug */ = {
			isa = XCBuildConfiguration;
			buildSettings = {
				ALWAYS_EMBED_SWIFT_STANDARD_LIBRARIES = YES;
				CODE_SIGN_STYLE = Automatic;
				DEVELOPMENT_TEAM = 2L24TQ8W95;
				INFOPLIST_FILE = RecipeUITests/Info.plist;
				LD_RUNPATH_SEARCH_PATHS = (
					"$(inherited)",
					"@executable_path/Frameworks",
					"@loader_path/Frameworks",
				);
				PRODUCT_BUNDLE_IDENTIFIER = swiftFmi.RecipeUITests;
				PRODUCT_NAME = "$(TARGET_NAME)";
				SWIFT_VERSION = 4.2;
				TARGETED_DEVICE_FAMILY = "1,2";
				TEST_TARGET_NAME = Recipe;
			};
			name = Debug;
		};
		2330CA87219C697A00E95BE3 /* Release */ = {
			isa = XCBuildConfiguration;
			buildSettings = {
				ALWAYS_EMBED_SWIFT_STANDARD_LIBRARIES = YES;
				CODE_SIGN_STYLE = Automatic;
				DEVELOPMENT_TEAM = 2L24TQ8W95;
				INFOPLIST_FILE = RecipeUITests/Info.plist;
				LD_RUNPATH_SEARCH_PATHS = (
					"$(inherited)",
					"@executable_path/Frameworks",
					"@loader_path/Frameworks",
				);
				PRODUCT_BUNDLE_IDENTIFIER = swiftFmi.RecipeUITests;
				PRODUCT_NAME = "$(TARGET_NAME)";
				SWIFT_VERSION = 4.2;
				TARGETED_DEVICE_FAMILY = "1,2";
				TEST_TARGET_NAME = Recipe;
			};
			name = Release;
		};
/* End XCBuildConfiguration section */

/* Begin XCConfigurationList section */
		2330CA52219C697600E95BE3 /* Build configuration list for PBXProject "Recipe" */ = {
			isa = XCConfigurationList;
			buildConfigurations = (
				2330CA7D219C697A00E95BE3 /* Debug */,
				2330CA7E219C697A00E95BE3 /* Release */,
			);
			defaultConfigurationIsVisible = 0;
			defaultConfigurationName = Release;
		};
		2330CA7F219C697A00E95BE3 /* Build configuration list for PBXNativeTarget "Recipe" */ = {
			isa = XCConfigurationList;
			buildConfigurations = (
				2330CA80219C697A00E95BE3 /* Debug */,
				2330CA81219C697A00E95BE3 /* Release */,
			);
			defaultConfigurationIsVisible = 0;
			defaultConfigurationName = Release;
		};
		2330CA82219C697A00E95BE3 /* Build configuration list for PBXNativeTarget "RecipeTests" */ = {
			isa = XCConfigurationList;
			buildConfigurations = (
				2330CA83219C697A00E95BE3 /* Debug */,
				2330CA84219C697A00E95BE3 /* Release */,
			);
			defaultConfigurationIsVisible = 0;
			defaultConfigurationName = Release;
		};
		2330CA85219C697A00E95BE3 /* Build configuration list for PBXNativeTarget "RecipeUITests" */ = {
			isa = XCConfigurationList;
			buildConfigurations = (
				2330CA86219C697A00E95BE3 /* Debug */,
				2330CA87219C697A00E95BE3 /* Release */,
			);
			defaultConfigurationIsVisible = 0;
			defaultConfigurationName = Release;
		};
/* End XCConfigurationList section */
	};
	rootObject = 2330CA4F219C697600E95BE3 /* Project object */;
}
